
Microsoft Visual Studio Solution File, Format Version 12.00
# Visual Studio 15
VisualStudioVersion = 15.0.27130.2010
MinimumVisualStudioVersion = 10.0.40219.1
Project("{FAE04EC0-301F-11D3-BF4B-00C04F79EFBC}") = "OktaDemo.XF.Android", "OktaDemo.XF\OktaDemo.XF.Android\OktaDemo.XF.Android.csproj", "{0FDB08D1-C9FC-4BDC-915E-8DA74D8A5829}"
EndProject
Project("{FAE04EC0-301F-11D3-BF4B-00C04F79EFBC}") = "OktaDemo.XF.iOS", "OktaDemo.XF\OktaDemo.XF.iOS\OktaDemo.XF.iOS.csproj", "{ED5827E5-4587-4607-9AFF-112D4966AEC9}"
EndProject
Project("{FAE04EC0-301F-11D3-BF4B-00C04F79EFBC}") = "OktaDemo.XF", "OktaDemo.XF\OktaDemo.XF\OktaDemo.XF.csproj", "{8BE6F5FD-D4B5-4D98-B5BC-6644CBA25CB6}"
EndProject
Global
	GlobalSection(SolutionConfigurationPlatforms) = preSolution
		Ad-Hoc|Any CPU = Ad-Hoc|Any CPU
		Ad-Hoc|iPhone = Ad-Hoc|iPhone
		Ad-Hoc|iPhoneSimulator = Ad-Hoc|iPhoneSimulator
		AppStore|Any CPU = AppStore|Any CPU
		AppStore|iPhone = AppStore|iPhone
		AppStore|iPhoneSimulator = AppStore|iPhoneSimulator
		Debug|Any CPU = Debug|Any CPU
		Debug|iPhone = Debug|iPhone
		Debug|iPhoneSimulator = Debug|iPhoneSimulator
		Release|Any CPU = Release|Any CPU
		Release|iPhone = Release|iPhone
		Release|iPhoneSimulator = Release|iPhoneSimulator
	EndGlobalSection
	GlobalSection(ProjectConfigurationPlatforms) = postSolution
		{0FDB08D1-C9FC-4BDC-915E-8DA74D8A5829}.Ad-Hoc|Any CPU.ActiveCfg = Release|Any CPU
		{0FDB08D1-C9FC-4BDC-915E-8DA74D8A5829}.Ad-Hoc|Any CPU.Build.0 = Release|Any CPU
		{0FDB08D1-C9FC-4BDC-915E-8DA74D8A5829}.Ad-Hoc|Any CPU.Deploy.0 = Release|Any CPU
		{0FDB08D1-C9FC-4BDC-915E-8DA74D8A5829}.Ad-Hoc|iPhone.ActiveCfg = Release|Any CPU
		{0FDB08D1-C9FC-4BDC-915E-8DA74D8A5829}.Ad-Hoc|iPhone.Build.0 = Release|Any CPU
		{0FDB08D1-C9FC-4BDC-915E-8DA74D8A5829}.Ad-Hoc|iPhone.Deploy.0 = Release|Any CPU
		{0FDB08D1-C9FC-4BDC-915E-8DA74D8A5829}.Ad-Hoc|iPhoneSimulator.ActiveCfg = Release|Any CPU
		{0FDB08D1-C9FC-4BDC-915E-8DA74D8A5829}.Ad-Hoc|iPhoneSimulator.Build.0 = Release|Any CPU
		{0FDB08D1-C9FC-4BDC-915E-8DA74D8A5829}.Ad-Hoc|iPhoneSimulator.Deploy.0 = Release|Any CPU
		{0FDB08D1-C9FC-4BDC-915E-8DA74D8A5829}.AppStore|Any CPU.ActiveCfg = Release|Any CPU
		{0FDB08D1-C9FC-4BDC-915E-8DA74D8A5829}.AppStore|Any CPU.Build.0 = Release|Any CPU
		{0FDB08D1-C9FC-4BDC-915E-8DA74D8A5829}.AppStore|Any CPU.Deploy.0 = Release|Any CPU
		{0FDB08D1-C9FC-4BDC-915E-8DA74D8A5829}.AppStore|iPhone.ActiveCfg = Release|Any CPU
		{0FDB08D1-C9FC-4BDC-915E-8DA74D8A5829}.AppStore|iPhone.Build.0 = Release|Any CPU
		{0FDB08D1-C9FC-4BDC-915E-8DA74D8A5829}.AppStore|iPhone.Deploy.0 = Release|Any CPU
		{0FDB08D1-C9FC-4BDC-915E-8DA74D8A5829}.AppStore|iPhoneSimulator.ActiveCfg = Release|Any CPU
		{0FDB08D1-C9FC-4BDC-915E-8DA74D8A5829}.AppStore|iPhoneSimulator.Build.0 = Release|Any CPU
		{0FDB08D1-C9FC-4BDC-915E-8DA74D8A5829}.AppStore|iPhoneSimulator.Deploy.0 = Release|Any CPU
		{0FDB08D1-C9FC-4BDC-915E-8DA74D8A5829}.Debug|Any CPU.ActiveCfg = Debug|Any CPU
		{0FDB08D1-C9FC-4BDC-915E-8DA74D8A5829}.Debug|Any CPU.Build.0 = Debug|Any CPU
		{0FDB08D1-C9FC-4BDC-915E-8DA74D8A5829}.Debug|Any CPU.Deploy.0 = Debug|Any CPU
		{0FDB08D1-C9FC-4BDC-915E-8DA74D8A5829}.Debug|iPhone.ActiveCfg = Debug|Any CPU
		{0FDB08D1-C9FC-4BDC-915E-8DA74D8A5829}.Debug|iPhone.Build.0 = Debug|Any CPU
		{0FDB08D1-C9FC-4BDC-915E-8DA74D8A5829}.Debug|iPhone.Deploy.0 = Debug|Any CPU
		{0FDB08D1-C9FC-4BDC-915E-8DA74D8A5829}.Debug|iPhoneSimulator.ActiveCfg = Debug|Any CPU
		{0FDB08D1-C9FC-4BDC-915E-8DA74D8A5829}.Debug|iPhoneSimulator.Build.0 = Debug|Any CPU
		{0FDB08D1-C9FC-4BDC-915E-8DA74D8A5829}.Debug|iPhoneSimulator.Deploy.0 = Debug|Any CPU
		{0FDB08D1-C9FC-4BDC-915E-8DA74D8A5829}.Release|Any CPU.ActiveCfg = Release|Any CPU
		{0FDB08D1-C9FC-4BDC-915E-8DA74D8A5829}.Release|Any CPU.Build.0 = Release|Any CPU
		{0FDB08D1-C9FC-4BDC-915E-8DA74D8A5829}.Release|Any CPU.Deploy.0 = Release|Any CPU
		{0FDB08D1-C9FC-4BDC-915E-8DA74D8A5829}.Release|iPhone.ActiveCfg = Release|Any CPU
		{0FDB08D1-C9FC-4BDC-915E-8DA74D8A5829}.Release|iPhone.Build.0 = Release|Any CPU
		{0FDB08D1-C9FC-4BDC-915E-8DA74D8A5829}.Release|iPhone.Deploy.0 = Release|Any CPU
		{0FDB08D1-C9FC-4BDC-915E-8DA74D8A5829}.Release|iPhoneSimulator.ActiveCfg = Release|Any CPU
		{0FDB08D1-C9FC-4BDC-915E-8DA74D8A5829}.Release|iPhoneSimulator.Build.0 = Release|Any CPU
		{0FDB08D1-C9FC-4BDC-915E-8DA74D8A5829}.Release|iPhoneSimulator.Deploy.0 = Release|Any CPU
		{ED5827E5-4587-4607-9AFF-112D4966AEC9}.Ad-Hoc|Any CPU.ActiveCfg = Ad-Hoc|iPhone
		{ED5827E5-4587-4607-9AFF-112D4966AEC9}.Ad-Hoc|iPhone.ActiveCfg = Ad-Hoc|iPhone
		{ED5827E5-4587-4607-9AFF-112D4966AEC9}.Ad-Hoc|iPhone.Build.0 = Ad-Hoc|iPhone
		{ED5827E5-4587-4607-9AFF-112D4966AEC9}.Ad-Hoc|iPhoneSimulator.ActiveCfg = Ad-Hoc|iPhoneSimulator
		{ED5827E5-4587-4607-9AFF-112D4966AEC9}.Ad-Hoc|iPhoneSimulator.Build.0 = Ad-Hoc|iPhoneSimulator
		{ED5827E5-4587-4607-9AFF-112D4966AEC9}.AppStore|Any CPU.ActiveCfg = AppStore|iPhone
		{ED5827E5-4587-4607-9AFF-112D4966AEC9}.AppStore|iPhone.ActiveCfg = AppStore|iPhone
		{ED5827E5-4587-4607-9AFF-112D4966AEC9}.AppStore|iPhone.Build.0 = AppStore|iPhone
		{ED5827E5-4587-4607-9AFF-112D4966AEC9}.AppStore|iPhoneSimulator.ActiveCfg = AppStore|iPhoneSimulator
		{ED5827E5-4587-4607-9AFF-112D4966AEC9}.AppStore|iPhoneSimulator.Build.0 = AppStore|iPhoneSimulator
		{ED5827E5-4587-4607-9AFF-112D4966AEC9}.Debug|Any CPU.ActiveCfg = Debug|iPhone
		{ED5827E5-4587-4607-9AFF-112D4966AEC9}.Debug|iPhone.ActiveCfg = Debug|iPhone
		{ED5827E5-4587-4607-9AFF-112D4966AEC9}.Debug|iPhone.Build.0 = Debug|iPhone
		{ED5827E5-4587-4607-9AFF-112D4966AEC9}.Debug|iPhoneSimulator.ActiveCfg = Debug|iPhoneSimulator
		{ED5827E5-4587-4607-9AFF-112D4966AEC9}.Debug|iPhoneSimulator.Build.0 = Debug|iPhoneSimulator
		{ED5827E5-4587-4607-9AFF-112D4966AEC9}.Release|Any CPU.ActiveCfg = Release|iPhone
		{ED5827E5-4587-4607-9AFF-112D4966AEC9}.Release|iPhone.ActiveCfg = Release|iPhone
		{ED5827E5-4587-4607-9AFF-112D4966AEC9}.Release|iPhone.Build.0 = Release|iPhone
		{ED5827E5-4587-4607-9AFF-112D4966AEC9}.Release|iPhoneSimulator.ActiveCfg = Release|iPhoneSimulator
		{ED5827E5-4587-4607-9AFF-112D4966AEC9}.Release|iPhoneSimulator.Build.0 = Release|iPhoneSimulator
		{8BE6F5FD-D4B5-4D98-B5BC-6644CBA25CB6}.Ad-Hoc|Any CPU.ActiveCfg = Debug|Any CPU
		{8BE6F5FD-D4B5-4D98-B5BC-6644CBA25CB6}.Ad-Hoc|Any CPU.Build.0 = Debug|Any CPU
		{8BE6F5FD-D4B5-4D98-B5BC-6644CBA25CB6}.Ad-Hoc|iPhone.ActiveCfg = Debug|Any CPU
		{8BE6F5FD-D4B5-4D98-B5BC-6644CBA25CB6}.Ad-Hoc|iPhone.Build.0 = Debug|Any CPU
		{8BE6F5FD-D4B5-4D98-B5BC-6644CBA25CB6}.Ad-Hoc|iPhoneSimulator.ActiveCfg = Debug|Any CPU
		{8BE6F5FD-D4B5-4D98-B5BC-6644CBA25CB6}.Ad-Hoc|iPhoneSimulator.Build.0 = Debug|Any CPU
		{8BE6F5FD-D4B5-4D98-B5BC-6644CBA25CB6}.AppStore|Any CPU.ActiveCfg = Debug|Any CPU
		{8BE6F5FD-D4B5-4D98-B5BC-6644CBA25CB6}.AppStore|Any CPU.Build.0 = Debug|Any CPU
		{8BE6F5FD-D4B5-4D98-B5BC-6644CBA25CB6}.AppStore|iPhone.ActiveCfg = Debug|Any CPU
		{8BE6F5FD-D4B5-4D98-B5BC-6644CBA25CB6}.AppStore|iPhone.Build.0 = Debug|Any CPU
		{8BE6F5FD-D4B5-4D98-B5BC-6644CBA25CB6}.AppStore|iPhoneSimulator.ActiveCfg = Debug|Any CPU
		{8BE6F5FD-D4B5-4D98-B5BC-6644CBA25CB6}.AppStore|iPhoneSimulator.Build.0 = Debug|Any CPU
		{8BE6F5FD-D4B5-4D98-B5BC-6644CBA25CB6}.Debug|Any CPU.ActiveCfg = Debug|Any CPU
		{8BE6F5FD-D4B5-4D98-B5BC-6644CBA25CB6}.Debug|Any CPU.Build.0 = Debug|Any CPU
		{8BE6F5FD-D4B5-4D98-B5BC-6644CBA25CB6}.Debug|iPhone.ActiveCfg = Debug|Any CPU
		{8BE6F5FD-D4B5-4D98-B5BC-6644CBA25CB6}.Debug|iPhone.Build.0 = Debug|Any CPU
		{8BE6F5FD-D4B5-4D98-B5BC-6644CBA25CB6}.Debug|iPhoneSimulator.ActiveCfg = Debug|Any CPU
		{8BE6F5FD-D4B5-4D98-B5BC-6644CBA25CB6}.Debug|iPhoneSimulator.Build.0 = Debug|Any CPU
		{8BE6F5FD-D4B5-4D98-B5BC-6644CBA25CB6}.Release|Any CPU.ActiveCfg = Release|Any CPU
		{8BE6F5FD-D4B5-4D98-B5BC-6644CBA25CB6}.Release|Any CPU.Build.0 = Release|Any CPU
		{8BE6F5FD-D4B5-4D98-B5BC-6644CBA25CB6}.Release|iPhone.ActiveCfg = Release|Any CPU
		{8BE6F5FD-D4B5-4D98-B5BC-6644CBA25CB6}.Release|iPhone.Build.0 = Release|Any CPU
		{8BE6F5FD-D4B5-4D98-B5BC-6644CBA25CB6}.Release|iPhoneSimulator.ActiveCfg = Release|Any CPU
		{8BE6F5FD-D4B5-4D98-B5BC-6644CBA25CB6}.Release|iPhoneSimulator.Build.0 = Release|Any CPU
	EndGlobalSection
	GlobalSection(SolutionProperties) = preSolution
		HideSolutionNode = FALSE
	EndGlobalSection
	GlobalSection(ExtensibilityGlobals) = postSolution
		SolutionGuid = {57B31CAD-748D-4572-B045-5661C97A3351}
	EndGlobalSection
EndGlobal
